Microsoft Visual Studio Solution File, Format Version 12.00
# Visual Studio Version 17
VisualStudioVersion = 17.0.31717.71
MinimumVisualStudioVersion = 10.0.40219.1
Project("{9A19103F-16F7-4668-BE54-9A1E7A4F7556}") = "FiberNest", "FiberNest.csproj", "{C77AF029-2A51-424D-8192-911FA8A072FE}"
EndProject
Global
	GlobalSection(SolutionConfigurationPlatforms) = preSolution
		Debug|Any CPU = Debug|Any CPU
		Release|Any CPU = Release|Any CPU
	EndGlobalSection
	GlobalSection(ProjectConfigurationPlatforms) = postSolution
		{C77AF029-2A51-424D-8192-911FA8A072FE}.Debug|Any CPU.ActiveCfg = Debug|Any CPU
		{C77AF029-2A51-424D-8192-911FA8A072FE}.Debug|Any CPU.Build.0 = Debug|Any CPU
		{C77AF029-2A51-424D-8192-911FA8A072FE}.Release|Any CPU.ActiveCfg = Release|Any CPU
		{C77AF029-2A51-424D-8192-911FA8A072FE}.Release|Any CPU.Build.0 = Release|Any CPU
	EndGlobalSection
	GlobalSection(SolutionProperties) = preSolution
		HideSolutionNode = FALSE
	EndGlobalSection
	GlobalSection(ExtensibilityGlobals) = postSolution
		SolutionGuid = {DDF8CFD5-1CE7-434A-9550-FCF51AC20B2B}
	EndGlobalSection
EndGlobal
